{
  "originHash" : "c06084e768a6b7f938f010073a18daceb725a592d37bcde2faa9c768c0bcde72",
  "pins" : [
    {
      "identity" : "csv.swift",
      "kind" : "remoteSourceControl",
      "location" : "https://github.com/yaslab/CSV.swift.git",
      "state" : {
        "revision" : "b4371dc833ba22ab6ead90fb63d267c3cf9ce773",
        "version" : "2.5.2"
      }
    }
  ],
  "version" : 3
}
